// !$*UTF8*$!
{
	archiveVersion = 1;
	classes = {
	};
	objectVersion = 46;
	objects = {

/* Begin PBXBuildFile section */
		0850432223B6C9EE008420F5 /* CTSFWCell.xib in Resources */ = {isa = PBXBuildFile; fileRef = 0850432023B6C9EE008420F5 /* CTSFWCell.xib */; };
		149420ADC3A0A1B301E5F800 /* Pods_CleanTalk.framework in Frameworks */ = {isa = PBXBuildFile; fileRef = 52A52A9120B8FC884F4FC7DA /* Pods_CleanTalk.framework */; };
		8A8F9E1B1E434A0800A1B77D /* Constants.swift in Sources */ = {isa = PBXBuildFile; fileRef = 8A8F9E0D1E434A0800A1B77D /* Constants.swift */; };
		8A8F9E1C1E434A0800A1B77D /* AbstractDispatcher.swift in Sources */ = {isa = PBXBuildFile; fileRef = 8A8F9E0F1E434A0800A1B77D /* AbstractDispatcher.swift */; };
		8A8F9E1D1E434A0800A1B77D /* AbstractRequest.swift in Sources */ = {isa = PBXBuildFile; fileRef = 8A8F9E101E434A0800A1B77D /* AbstractRequest.swift */; };
		8A8F9E1E1E434A0800A1B77D /* AbstractResponse.swift in Sources */ = {isa = PBXBuildFile; fileRef = 8A8F9E111E434A0800A1B77D /* AbstractResponse.swift */; };
		8A8F9E1F1E434A0800A1B77D /* AlamofireDispatcher.swift in Sources */ = {isa = PBXBuildFile; fileRef = 8A8F9E121E434A0800A1B77D /* AlamofireDispatcher.swift */; };
		8A8F9E201E434A0800A1B77D /* Enums.swift in Sources */ = {isa = PBXBuildFile; fileRef = 8A8F9E131E434A0800A1B77D /* Enums.swift */; };
		8A8F9E211E434A0800A1B77D /* LoginModel.swift in Sources */ = {isa = PBXBuildFile; fileRef = 8A8F9E151E434A0800A1B77D /* LoginModel.swift */; };
		8A8F9E221E434A0800A1B77D /* ServiceModel.swift in Sources */ = {isa = PBXBuildFile; fileRef = 8A8F9E161E434A0800A1B77D /* ServiceModel.swift */; };
		8A8F9E231E434A0800A1B77D /* StatisticModel.swift in Sources */ = {isa = PBXBuildFile; fileRef = 8A8F9E171E434A0800A1B77D /* StatisticModel.swift */; };
		8A8F9E241E434A0800A1B77D /* ModelsManager.swift in Sources */ = {isa = PBXBuildFile; fileRef = 8A8F9E181E434A0800A1B77D /* ModelsManager.swift */; };
		8A8F9E251E434A0800A1B77D /* LoginRequest.swift in Sources */ = {isa = PBXBuildFile; fileRef = 8A8F9E1A1E434A0800A1B77D /* LoginRequest.swift */; };
		8A8F9E341E434A1800A1B77D /* CTLoginViewController.swift in Sources */ = {isa = PBXBuildFile; fileRef = 8A8F9E281E434A1800A1B77D /* CTLoginViewController.swift */; };
		8A8F9E351E434A1800A1B77D /* CTLoginViewController~ipad.xib in Resources */ = {isa = PBXBuildFile; fileRef = 8A8F9E291E434A1800A1B77D /* CTLoginViewController~ipad.xib */; };
		8A8F9E361E434A1800A1B77D /* CTLoginViewController~iphone.xib in Resources */ = {isa = PBXBuildFile; fileRef = 8A8F9E2B1E434A1800A1B77D /* CTLoginViewController~iphone.xib */; };
		8A8F9E391E434A1800A1B77D /* CTStatisticViewController.swift in Sources */ = {isa = PBXBuildFile; fileRef = 8A8F9E321E434A1800A1B77D /* CTStatisticViewController.swift */; };
		8A8F9E3C1E434A2100A1B77D /* AppDelegate.swift in Sources */ = {isa = PBXBuildFile; fileRef = 8A8F9E3B1E434A2100A1B77D /* AppDelegate.swift */; };
		8A8F9E3E1E434A2B00A1B77D /* Assets.xcassets in Resources */ = {isa = PBXBuildFile; fileRef = 8A8F9E3D1E434A2B00A1B77D /* Assets.xcassets */; };
		8A8F9E451E434A4000A1B77D /* defaultIcon@2x.png in Resources */ = {isa = PBXBuildFile; fileRef = 8A8F9E421E434A4000A1B77D /* defaultIcon@2x.png */; };
		8A8F9E461E434A4000A1B77D /* logo_iphone@2x.png in Resources */ = {isa = PBXBuildFile; fileRef = 8A8F9E441E434A4000A1B77D /* logo_iphone@2x.png */; };
		8A8F9E491E434AB100A1B77D /* Localizable.strings in Resources */ = {isa = PBXBuildFile; fileRef = 8A8F9E4B1E434AB100A1B77D /* Localizable.strings */; };
		8A8F9E501E434B0A00A1B77D /* LaunchScreen.storyboard in Resources */ = {isa = PBXBuildFile; fileRef = 8A8F9E4E1E434B0A00A1B77D /* LaunchScreen.storyboard */; };
		8A8F9E551E434C6D00A1B77D /* CTStatisticViewController.xib in Resources */ = {isa = PBXBuildFile; fileRef = 8A8F9E571E434C6D00A1B77D /* CTStatisticViewController.xib */; };
		8A8F9E5B1E43541900A1B77D /* MainStatsRequest.swift in Sources */ = {isa = PBXBuildFile; fileRef = 8A8F9E5A1E43541900A1B77D /* MainStatsRequest.swift */; };
		8A8F9E5D1E436F8A00A1B77D /* DetailStatisticModel.swift in Sources */ = {isa = PBXBuildFile; fileRef = 8A8F9E5C1E436F8A00A1B77D /* DetailStatisticModel.swift */; };
		8AAC7B321E437CDF00586FDC /* DetailStatsRequest.swift in Sources */ = {isa = PBXBuildFile; fileRef = 8AAC7B311E437CDF00586FDC /* DetailStatsRequest.swift */; };
		8AAC7B421E49C6B500586FDC /* CTStatisticCell.swift in Sources */ = {isa = PBXBuildFile; fileRef = 8AAC7B401E49C6B500586FDC /* CTStatisticCell.swift */; };
		8AC0C8051E4B33D80073D4CF /* CTDetailsViewController.swift in Sources */ = {isa = PBXBuildFile; fileRef = 8AC0C8031E4B33D80073D4CF /* CTDetailsViewController.swift */; };
		8AC0C80E1E4B58160073D4CF /* CTDetailsCell.swift in Sources */ = {isa = PBXBuildFile; fileRef = 8AC0C80C1E4B58160073D4CF /* CTDetailsCell.swift */; };
		8AC0C8111E4C75B20073D4CF /* ChangeStatusRequest.swift in Sources */ = {isa = PBXBuildFile; fileRef = 8AC0C8101E4C75B20073D4CF /* ChangeStatusRequest.swift */; };
		8AC0C8131E4C79B40073D4CF /* ChangeStatusModel.swift in Sources */ = {isa = PBXBuildFile; fileRef = 8AC0C8121E4C79B40073D4CF /* ChangeStatusModel.swift */; };
		8AC0C8161E4C9FBE0073D4CF /* CTStatisticCell.xib in Resources */ = {isa = PBXBuildFile; fileRef = 8AC0C8181E4C9FBE0073D4CF /* CTStatisticCell.xib */; };
		8AC0C81B1E4C9FF60073D4CF /* CTDetailsViewController.xib in Resources */ = {isa = PBXBuildFile; fileRef = 8AC0C81D1E4C9FF60073D4CF /* CTDetailsViewController.xib */; };
		8AC0C8201E4CA00A0073D4CF /* CTDetailsCell.xib in Resources */ = {isa = PBXBuildFile; fileRef = 8AC0C8221E4CA00A0073D4CF /* CTDetailsCell.xib */; };
		8AC0C8281E4CA0A90073D4CF /* CTSFWViewController.swift in Sources */ = {isa = PBXBuildFile; fileRef = 8AC0C8261E4CA0A90073D4CF /* CTSFWViewController.swift */; };
		8AC0C8291E4CA0A90073D4CF /* CTSFWViewController.xib in Resources */ = {isa = PBXBuildFile; fileRef = 8AC0C8271E4CA0A90073D4CF /* CTSFWViewController.xib */; };
		8AC0C8311E4CA90F0073D4CF /* CTSFWCell.swift in Sources */ = {isa = PBXBuildFile; fileRef = 8AC0C82F1E4CA90F0073D4CF /* CTSFWCell.swift */; };
/* End PBXBuildFile section */

/* Begin PBXFileReference section */
		0850431F23B6C97C008420F5 /* Base */ = {isa = PBXFileReference; lastKnownFileType = file.xib; name = Base; path = Base.lproj/CTStatisticViewController.xib; sourceTree = "<group>"; };
		0850432823B6CA7E008420F5 /* Base */ = {isa = PBXFileReference; lastKnownFileType = file.xib; name = Base; path = "Base.lproj/CTLoginViewController~iphone.xib"; sourceTree = "<group>"; };
		0850432923B6CA8B008420F5 /* en */ = {isa = PBXFileReference; lastKnownFileType = text.plist.strings; name = en; path = "en.lproj/CTLoginViewController~iphone.strings"; sourceTree = "<group>"; };
		0850432A23B6CAA1008420F5 /* Base */ = {isa = PBXFileReference; lastKnownFileType = file.xib; name = Base; path = "Base.lproj/CTLoginViewController~ipad.xib"; sourceTree = "<group>"; };
		0850432B23B6CAA7008420F5 /* ru */ = {isa = PBXFileReference; lastKnownFileType = text.plist.strings; name = ru; path = "ru.lproj/CTLoginViewController~ipad.strings"; sourceTree = "<group>"; };
		0850432C23B6CABA008420F5 /* en */ = {isa = PBXFileReference; lastKnownFileType = text.plist.strings; name = en; path = "en.lproj/CTLoginViewController~ipad.strings"; sourceTree = "<group>"; };
		0850432D23B6CAC9008420F5 /* Base */ = {isa = PBXFileReference; lastKnownFileType = file.xib; name = Base; path = Base.lproj/CTStatisticCell.xib; sourceTree = "<group>"; };
		0850432E23B6CACF008420F5 /* en */ = {isa = PBXFileReference; lastKnownFileType = text.plist.strings; name = en; path = en.lproj/CTStatisticCell.strings; sourceTree = "<group>"; };
		0850432F23B6CB32008420F5 /* en */ = {isa = PBXFileReference; lastKnownFileType = text.plist.strings; name = en; path = en.lproj/CTStatisticViewController.strings; sourceTree = "<group>"; };
		0850433023B6CB74008420F5 /* ru */ = {isa = PBXFileReference; lastKnownFileType = text.plist.strings; name = ru; path = ru.lproj/CTStatisticViewController.strings; sourceTree = "<group>"; };
		0850433123B6CB90008420F5 /* Base */ = {isa = PBXFileReference; lastKnownFileType = file.xib; name = Base; path = Base.lproj/CTDetailsCell.xib; sourceTree = "<group>"; };
		0850433223B6CB95008420F5 /* en */ = {isa = PBXFileReference; lastKnownFileType = text.plist.strings; name = en; path = en.lproj/CTDetailsCell.strings; sourceTree = "<group>"; };
		0850433523B6CBF2008420F5 /* ru */ = {isa = PBXFileReference; lastKnownFileType = text.plist.strings; name = ru; path = ru.lproj/CTDetailsCell.strings; sourceTree = "<group>"; };
		08DA878E23B6CC5A00EB034A /* Base */ = {isa = PBXFileReference; lastKnownFileType = file.xib; name = Base; path = CTSFWViewController/CTSFWCell/Base.lproj/CTSFWCell.xib; sourceTree = "<group>"; };
		08DA878F23B6CC5F00EB034A /* ru */ = {isa = PBXFileReference; lastKnownFileType = text.plist.strings; name = ru; path = CTSFWViewController/CTSFWCell/ru.lproj/CTSFWCell.strings; sourceTree = "<group>"; };
		08DA879023B6CC6300EB034A /* en */ = {isa = PBXFileReference; lastKnownFileType = text.plist.strings; name = en; path = CTSFWViewController/CTSFWCell/en.lproj/CTSFWCell.strings; sourceTree = "<group>"; };
		52A52A9120B8FC884F4FC7DA /* Pods_CleanTalk.framework */ = {isa = PBXFileReference; explicitFileType = wrapper.framework; includeInIndex = 0; path = Pods_CleanTalk.framework; sourceTree = BUILT_PRODUCTS_DIR; };
		8A36C6A41E40B63D004D92CA /* CleanTalk.app */ = {isa = PBXFileReference; explicitFileType = wrapper.application; includeInIndex = 0; path = CleanTalk.app; sourceTree = BUILT_PRODUCTS_DIR; };
		8A36C7041E40DB30004D92CA /* UserNotifications.framework */ = {isa = PBXFileReference; lastKnownFileType = wrapper.framework; name = UserNotifications.framework; path = System/Library/Frameworks/UserNotifications.framework; sourceTree = SDKROOT; };
		8A8F9E0D1E434A0800A1B77D /* Constants.swift */ = {isa = PBXFileReference; fileEncoding = 4; lastKnownFileType = sourcecode.swift; path = Constants.swift; sourceTree = "<group>"; };
		8A8F9E0F1E434A0800A1B77D /* AbstractDispatcher.swift */ = {isa = PBXFileReference; fileEncoding = 4; lastKnownFileType = sourcecode.swift; path = AbstractDispatcher.swift; sourceTree = "<group>"; };
		8A8F9E101E434A0800A1B77D /* AbstractRequest.swift */ = {isa = PBXFileReference; fileEncoding = 4; lastKnownFileType = sourcecode.swift; path = AbstractRequest.swift; sourceTree = "<group>"; };
		8A8F9E111E434A0800A1B77D /* AbstractResponse.swift */ = {isa = PBXFileReference; fileEncoding = 4; lastKnownFileType = sourcecode.swift; path = AbstractResponse.swift; sourceTree = "<group>"; };
		8A8F9E121E434A0800A1B77D /* AlamofireDispatcher.swift */ = {isa = PBXFileReference; fileEncoding = 4; lastKnownFileType = sourcecode.swift; path = AlamofireDispatcher.swift; sourceTree = "<group>"; };
		8A8F9E131E434A0800A1B77D /* Enums.swift */ = {isa = PBXFileReference; fileEncoding = 4; lastKnownFileType = sourcecode.swift; path = Enums.swift; sourceTree = "<group>"; };
		8A8F9E151E434A0800A1B77D /* LoginModel.swift */ = {isa = PBXFileReference; fileEncoding = 4; lastKnownFileType = sourcecode.swift; path = LoginModel.swift; sourceTree = "<group>"; };
		8A8F9E161E434A0800A1B77D /* ServiceModel.swift */ = {isa = PBXFileReference; fileEncoding = 4; lastKnownFileType = sourcecode.swift; path = ServiceModel.swift; sourceTree = "<group>"; };
		8A8F9E171E434A0800A1B77D /* StatisticModel.swift */ = {isa = PBXFileReference; fileEncoding = 4; lastKnownFileType = sourcecode.swift; path = StatisticModel.swift; sourceTree = "<group>"; };
		8A8F9E181E434A0800A1B77D /* ModelsManager.swift */ = {isa = PBXFileReference; fileEncoding = 4; lastKnownFileType = sourcecode.swift; path = ModelsManager.swift; sourceTree = "<group>"; };
		8A8F9E1A1E434A0800A1B77D /* LoginRequest.swift */ = {isa = PBXFileReference; fileEncoding = 4; lastKnownFileType = sourcecode.swift; path = LoginRequest.swift; sourceTree = "<group>"; };
		8A8F9E281E434A1800A1B77D /* CTLoginViewController.swift */ = {isa = PBXFileReference; fileEncoding = 4; lastKnownFileType = sourcecode.swift; path = CTLoginViewController.swift; sourceTree = "<group>"; };
		8A8F9E321E434A1800A1B77D /* CTStatisticViewController.swift */ = {isa = PBXFileReference; fileEncoding = 4; lastKnownFileType = sourcecode.swift; path = CTStatisticViewController.swift; sourceTree = "<group>"; };
		8A8F9E3B1E434A2100A1B77D /* AppDelegate.swift */ = {isa = PBXFileReference; fileEncoding = 4; lastKnownFileType = sourcecode.swift; name = AppDelegate.swift; path = CleanTalk/AppDelegate.swift; sourceTree = "<group>"; };
		8A8F9E3D1E434A2B00A1B77D /* Assets.xcassets */ = {isa = PBXFileReference; lastKnownFileType = folder.assetcatalog; name = Assets.xcassets; path = CleanTalk/Assets.xcassets; sourceTree = "<group>"; };
		8A8F9E3F1E434A3500A1B77D /* Info.plist */ = {isa = PBXFileReference; fileEncoding = 4; lastKnownFileType = text.plist.xml; name = Info.plist; path = CleanTalk/Info.plist; sourceTree = "<group>"; };
		8A8F9E421E434A4000A1B77D /* defaultIcon@2x.png */ = {isa = PBXFileReference; lastKnownFileType = image.png; path = "defaultIcon@2x.png"; sourceTree = "<group>"; };
		8A8F9E441E434A4000A1B77D /* logo_iphone@2x.png */ = {isa = PBXFileReference; lastKnownFileType = image.png; path = "logo_iphone@2x.png"; sourceTree = "<group>"; };
		8A8F9E4C1E434AB700A1B77D /* en */ = {isa = PBXFileReference; lastKnownFileType = text.plist.strings; name = en; path = en.lproj/Localizable.strings; sourceTree = "<group>"; };
		8A8F9E4D1E434AC200A1B77D /* ru */ = {isa = PBXFileReference; lastKnownFileType = text.plist.strings; name = ru; path = ru.lproj/Localizable.strings; sourceTree = "<group>"; };
		8A8F9E4F1E434B0A00A1B77D /* en */ = {isa = PBXFileReference; lastKnownFileType = file.storyboard; name = en; path = CleanTalk/en.lproj/LaunchScreen.storyboard; sourceTree = "<group>"; };
		8A8F9E511E434B1000A1B77D /* ru */ = {isa = PBXFileReference; lastKnownFileType = text.plist.strings; name = ru; path = CleanTalk/ru.lproj/LaunchScreen.strings; sourceTree = "<group>"; };
		8A8F9E521E434BCB00A1B77D /* CleanTalk.entitlements */ = {isa = PBXFileReference; lastKnownFileType = text.plist.entitlements; path = CleanTalk.entitlements; sourceTree = "<group>"; };
		8A8F9E541E434C6300A1B77D /* ru */ = {isa = PBXFileReference; lastKnownFileType = text.plist.strings; name = ru; path = "ru.lproj/CTLoginViewController~iphone.strings"; sourceTree = "<group>"; };
		8A8F9E5A1E43541900A1B77D /* MainStatsRequest.swift */ = {isa = PBXFileReference; fileEncoding = 4; lastKnownFileType = sourcecode.swift; path = MainStatsRequest.swift; sourceTree = "<group>"; };
		8A8F9E5C1E436F8A00A1B77D /* DetailStatisticModel.swift */ = {isa = PBXFileReference; fileEncoding = 4; lastKnownFileType = sourcecode.swift; path = DetailStatisticModel.swift; sourceTree = "<group>"; };
		8AAC7B311E437CDF00586FDC /* DetailStatsRequest.swift */ = {isa = PBXFileReference; fileEncoding = 4; lastKnownFileType = sourcecode.swift; path = DetailStatsRequest.swift; sourceTree = "<group>"; };
		8AAC7B401E49C6B500586FDC /* CTStatisticCell.swift */ = {isa = PBXFileReference; fileEncoding = 4; lastKnownFileType = sourcecode.swift; name = CTStatisticCell.swift; path = CTStatisticCell/CTStatisticCell.swift; sourceTree = "<group>"; };
		8AC0C8031E4B33D80073D4CF /* CTDetailsViewController.swift */ = {isa = PBXFileReference; fileEncoding = 4; lastKnownFileType = sourcecode.swift; name = CTDetailsViewController.swift; path = CTDetailsViewController/CTDetailsViewController.swift; sourceTree = "<group>"; };
		8AC0C80C1E4B58160073D4CF /* CTDetailsCell.swift */ = {isa = PBXFileReference; fileEncoding = 4; lastKnownFileType = sourcecode.swift; name = CTDetailsCell.swift; path = CTDetailsViewController/CTDetailsCell/CTDetailsCell.swift; sourceTree = "<group>"; };
		8AC0C8101E4C75B20073D4CF /* ChangeStatusRequest.swift */ = {isa = PBXFileReference; fileEncoding = 4; lastKnownFileType = sourcecode.swift; path = ChangeStatusRequest.swift; sourceTree = "<group>"; };
		8AC0C8121E4C79B40073D4CF /* ChangeStatusModel.swift */ = {isa = PBXFileReference; fileEncoding = 4; lastKnownFileType = sourcecode.swift; path = ChangeStatusModel.swift; sourceTree = "<group>"; };
		8AC0C81A1E4C9FC00073D4CF /* ru */ = {isa = PBXFileReference; lastKnownFileType = text.plist.strings; name = ru; path = ru.lproj/CTStatisticCell.strings; sourceTree = "<group>"; };
		8AC0C81C1E4C9FF60073D4CF /* en */ = {isa = PBXFileReference; lastKnownFileType = file.xib; name = en; path = en.lproj/CTDetailsViewController.xib; sourceTree = "<group>"; };
		8AC0C8261E4CA0A90073D4CF /* CTSFWViewController.swift */ = {isa = PBXFileReference; fileEncoding = 4; lastKnownFileType = sourcecode.swift; name = CTSFWViewController.swift; path = CTSFWViewController/CTSFWViewController.swift; sourceTree = "<group>"; };
		8AC0C8271E4CA0A90073D4CF /* CTSFWViewController.xib */ = {isa = PBXFileReference; fileEncoding = 4; lastKnownFileType = file.xib; name = CTSFWViewController.xib; path = CTSFWViewController/CTSFWViewController.xib; sourceTree = "<group>"; };
		8AC0C82F1E4CA90F0073D4CF /* CTSFWCell.swift */ = {isa = PBXFileReference; fileEncoding = 4; lastKnownFileType = sourcecode.swift; name = CTSFWCell.swift; path = CTSFWViewController/CTSFWCell/CTSFWCell.swift; sourceTree = "<group>"; };
		A423F8B2A7F51017381F1522 /* Pods-CleanTalk.debug.xcconfig */ = {isa = PBXFileReference; includeInIndex = 1; lastKnownFileType = text.xcconfig; name = "Pods-CleanTalk.debug.xcconfig"; path = "Pods/Target Support Files/Pods-CleanTalk/Pods-CleanTalk.debug.xcconfig"; sourceTree = "<group>"; };
		EB414FE4D85EA9A424F61A33 /* Pods-CleanTalk.release.xcconfig */ = {isa = PBXFileReference; includeInIndex = 1; lastKnownFileType = text.xcconfig; name = "Pods-CleanTalk.release.xcconfig"; path = "Pods/Target Support Files/Pods-CleanTalk/Pods-CleanTalk.release.xcconfig"; sourceTree = "<group>"; };
/* End PBXFileReference section */

/* Begin PBXFrameworksBuildPhase section */
		8A36C6A11E40B63D004D92CA /* Frameworks */ = {
			isa = PBXFrameworksBuildPhase;
			buildActionMask = 2147483647;
			files = (
				149420ADC3A0A1B301E5F800 /* Pods_CleanTalk.framework in Frameworks */,
			);
			runOnlyForDeploymentPostprocessing = 0;
		};
/* End PBXFrameworksBuildPhase section */

/* Begin PBXGroup section */
		102B93FE3E8DA4F5CB2825F8 /* Pods */ = {
			isa = PBXGroup;
			children = (
				A423F8B2A7F51017381F1522 /* Pods-CleanTalk.debug.xcconfig */,
				EB414FE4D85EA9A424F61A33 /* Pods-CleanTalk.release.xcconfig */,
			);
			name = Pods;
			sourceTree = "<group>";
		};
		418C87C812019C5CCB0206F2 /* Frameworks */ = {
			isa = PBXGroup;
			children = (
				8A36C7041E40DB30004D92CA /* UserNotifications.framework */,
				52A52A9120B8FC884F4FC7DA /* Pods_CleanTalk.framework */,
			);
			name = Frameworks;
			sourceTree = "<group>";
		};
		8A36C69B1E40B63D004D92CA = {
			isa = PBXGroup;
			children = (
				8A36C6A61E40B63D004D92CA /* CleanTalk */,
				8A36C6A51E40B63D004D92CA /* Products */,
				102B93FE3E8DA4F5CB2825F8 /* Pods */,
				418C87C812019C5CCB0206F2 /* Frameworks */,
			);
			sourceTree = "<group>";
		};
		8A36C6A51E40B63D004D92CA /* Products */ = {
			isa = PBXGroup;
			children = (
				8A36C6A41E40B63D004D92CA /* CleanTalk.app */,
			);
			name = Products;
			sourceTree = "<group>";
		};
		8A36C6A61E40B63D004D92CA /* CleanTalk */ = {
			isa = PBXGroup;
			children = (
				8A8F9E521E434BCB00A1B77D /* CleanTalk.entitlements */,
				8A8F9E3F1E434A3500A1B77D /* Info.plist */,
				8A8F9E3D1E434A2B00A1B77D /* Assets.xcassets */,
				8A8F9E0C1E434A0800A1B77D /* DataClasses */,
				8A8F9E261E434A1800A1B77D /* ViewControllers */,
				8A8F9E3B1E434A2100A1B77D /* AppDelegate.swift */,
				8A8F9E4B1E434AB100A1B77D /* Localizable.strings */,
				8A8F9E4E1E434B0A00A1B77D /* LaunchScreen.storyboard */,
				8A8F9E411E434A4000A1B77D /* Resources */,
			);
			path = CleanTalk;
			sourceTree = "<group>";
		};
		8A8F9E0C1E434A0800A1B77D /* DataClasses */ = {
			isa = PBXGroup;
			children = (
				8A8F9E0D1E434A0800A1B77D /* Constants.swift */,
				8A8F9E0E1E434A0800A1B77D /* DispatcherCore */,
				8A8F9E141E434A0800A1B77D /* Models */,
				8A8F9E181E434A0800A1B77D /* ModelsManager.swift */,
				8A8F9E191E434A0800A1B77D /* Requests */,
			);
			name = DataClasses;
			path = CleanTalk/DataClasses;
			sourceTree = "<group>";
		};
		8A8F9E0E1E434A0800A1B77D /* DispatcherCore */ = {
			isa = PBXGroup;
			children = (
				8A8F9E0F1E434A0800A1B77D /* AbstractDispatcher.swift */,
				8A8F9E101E434A0800A1B77D /* AbstractRequest.swift */,
				8A8F9E111E434A0800A1B77D /* AbstractResponse.swift */,
				8A8F9E121E434A0800A1B77D /* AlamofireDispatcher.swift */,
				8A8F9E131E434A0800A1B77D /* Enums.swift */,
			);
			path = DispatcherCore;
			sourceTree = "<group>";
		};
		8A8F9E141E434A0800A1B77D /* Models */ = {
			isa = PBXGroup;
			children = (
				8AC0C8121E4C79B40073D4CF /* ChangeStatusModel.swift */,
				8A8F9E151E434A0800A1B77D /* LoginModel.swift */,
				8A8F9E161E434A0800A1B77D /* ServiceModel.swift */,
				8A8F9E171E434A0800A1B77D /* StatisticModel.swift */,
				8A8F9E5C1E436F8A00A1B77D /* DetailStatisticModel.swift */,
			);
			path = Models;
			sourceTree = "<group>";
		};
		8A8F9E191E434A0800A1B77D /* Requests */ = {
			isa = PBXGroup;
			children = (
				8A8F9E1A1E434A0800A1B77D /* LoginRequest.swift */,
				8A8F9E5A1E43541900A1B77D /* MainStatsRequest.swift */,
				8AAC7B311E437CDF00586FDC /* DetailStatsRequest.swift */,
				8AC0C8101E4C75B20073D4CF /* ChangeStatusRequest.swift */,
			);
			path = Requests;
			sourceTree = "<group>";
		};
		8A8F9E261E434A1800A1B77D /* ViewControllers */ = {
			isa = PBXGroup;
			children = (
				8AC0C8251E4CA0850073D4CF /* CTSFWViewController */,
				8AC0C8021E4B33B90073D4CF /* CTDetailsViewController */,
				8A8F9E271E434A1800A1B77D /* CTLoginViewController */,
				8A8F9E311E434A1800A1B77D /* CTStatisticViewController */,
			);
			name = ViewControllers;
			path = CleanTalk/ViewControllers;
			sourceTree = "<group>";
		};
		8A8F9E271E434A1800A1B77D /* CTLoginViewController */ = {
			isa = PBXGroup;
			children = (
				8A8F9E281E434A1800A1B77D /* CTLoginViewController.swift */,
				8A8F9E291E434A1800A1B77D /* CTLoginViewController~ipad.xib */,
				8A8F9E2B1E434A1800A1B77D /* CTLoginViewController~iphone.xib */,
			);
			path = CTLoginViewController;
			sourceTree = "<group>";
		};
		8A8F9E311E434A1800A1B77D /* CTStatisticViewController */ = {
			isa = PBXGroup;
			children = (
				8AAC7B3F1E49C69000586FDC /* CTStatisticCell */,
				8A8F9E321E434A1800A1B77D /* CTStatisticViewController.swift */,
				8A8F9E571E434C6D00A1B77D /* CTStatisticViewController.xib */,
			);
			path = CTStatisticViewController;
			sourceTree = "<group>";
		};
		8A8F9E411E434A4000A1B77D /* Resources */ = {
			isa = PBXGroup;
			children = (
				8A8F9E421E434A4000A1B77D /* defaultIcon@2x.png */,
				8A8F9E431E434A4000A1B77D /* Icons */,
				8A8F9E441E434A4000A1B77D /* logo_iphone@2x.png */,
			);
			name = Resources;
			path = CleanTalk/Resources;
			sourceTree = "<group>";
		};
		8A8F9E431E434A4000A1B77D /* Icons */ = {
			isa = PBXGroup;
			children = (
			);
			path = Icons;
			sourceTree = "<group>";
		};
		8AAC7B3F1E49C69000586FDC /* CTStatisticCell */ = {
			isa = PBXGroup;
			children = (
				8AAC7B401E49C6B500586FDC /* CTStatisticCell.swift */,
				8AC0C8181E4C9FBE0073D4CF /* CTStatisticCell.xib */,
			);
			name = CTStatisticCell;
			sourceTree = "<group>";
		};
		8AC0C8021E4B33B90073D4CF /* CTDetailsViewController */ = {
			isa = PBXGroup;
			children = (
				8AC0C8071E4B52220073D4CF /* CTDetailsCell */,
				8AC0C8031E4B33D80073D4CF /* CTDetailsViewController.swift */,
				8AC0C81D1E4C9FF60073D4CF /* CTDetailsViewController.xib */,
			);
			name = CTDetailsViewController;
			sourceTree = "<group>";
		};
		8AC0C8071E4B52220073D4CF /* CTDetailsCell */ = {
			isa = PBXGroup;
			children = (
				8AC0C80C1E4B58160073D4CF /* CTDetailsCell.swift */,
				8AC0C8221E4CA00A0073D4CF /* CTDetailsCell.xib */,
			);
			name = CTDetailsCell;
			sourceTree = "<group>";
		};
		8AC0C8251E4CA0850073D4CF /* CTSFWViewController */ = {
			isa = PBXGroup;
			children = (
				8AC0C82A1E4CA8D50073D4CF /* CTSFWCell */,
				8AC0C8261E4CA0A90073D4CF /* CTSFWViewController.swift */,
				8AC0C8271E4CA0A90073D4CF /* CTSFWViewController.xib */,
			);
			name = CTSFWViewController;
			sourceTree = "<group>";
		};
		8AC0C82A1E4CA8D50073D4CF /* CTSFWCell */ = {
			isa = PBXGroup;
			children = (
				8AC0C82F1E4CA90F0073D4CF /* CTSFWCell.swift */,
				0850432023B6C9EE008420F5 /* CTSFWCell.xib */,
			);
			name = CTSFWCell;
			sourceTree = "<group>";
		};
/* End PBXGroup section */

/* Begin PBXNativeTarget section */
		8A36C6A31E40B63D004D92CA /* CleanTalk */ = {
			isa = PBXNativeTarget;
			buildConfigurationList = 8A36C6B61E40B63D004D92CA /* Build configuration list for PBXNativeTarget "CleanTalk" */;
			buildPhases = (
				9B45A6CF5BB01726CA922CE2 /* [CP] Check Pods Manifest.lock */,
				8A36C6A01E40B63D004D92CA /* Sources */,
				8A36C6A11E40B63D004D92CA /* Frameworks */,
				8A36C6A21E40B63D004D92CA /* Resources */,
				43E1CEBAA006784E780C85B7 /* [CP] Embed Pods Frameworks */,
			);
			buildRules = (
			);
			dependencies = (
			);
			name = CleanTalk;
			productName = CleanTalk;
			productReference = 8A36C6A41E40B63D004D92CA /* CleanTalk.app */;
			productType = "com.apple.product-type.application";
		};
/* End PBXNativeTarget section */

/* Begin PBXProject section */
		8A36C69C1E40B63D004D92CA /* Project object */ = {
			isa = PBXProject;
			attributes = {
				LastSwiftUpdateCheck = 0820;
				LastUpgradeCheck = 1100;
				ORGANIZATIONNAME = "Oleg Sehelin";
				TargetAttributes = {
					8A36C6A31E40B63D004D92CA = {
						CreatedOnToolsVersion = 8.2.1;
						DevelopmentTeam = G2V3KH9HE7;
						ProvisioningStyle = Manual;
						SystemCapabilities = {
							com.apple.Push = {
								enabled = 1;
							};
						};
					};
				};
			};
			buildConfigurationList = 8A36C69F1E40B63D004D92CA /* Build configuration list for PBXProject "CleanTalk" */;
			compatibilityVersion = "Xcode 3.2";
			developmentRegion = en;
			hasScannedForEncodings = 0;
			knownRegions = (
				en,
				Base,
				ru,
			);
			mainGroup = 8A36C69B1E40B63D004D92CA;
			productRefGroup = 8A36C6A51E40B63D004D92CA /* Products */;
			projectDirPath = "";
			projectRoot = "";
			targets = (
				8A36C6A31E40B63D004D92CA /* CleanTalk */,
			);
		};
/* End PBXProject section */

/* Begin PBXResourcesBuildPhase section */
		8A36C6A21E40B63D004D92CA /* Resources */ = {
			isa = PBXResourcesBuildPhase;
			buildActionMask = 2147483647;
			files = (
				8A8F9E351E434A1800A1B77D /* CTLoginViewController~ipad.xib in Resources */,
				8AC0C8201E4CA00A0073D4CF /* CTDetailsCell.xib in Resources */,
				8A8F9E491E434AB100A1B77D /* Localizable.strings in Resources */,
				0850432223B6C9EE008420F5 /* CTSFWCell.xib in Resources */,
				8A8F9E461E434A4000A1B77D /* logo_iphone@2x.png in Resources */,
				8AC0C8161E4C9FBE0073D4CF /* CTStatisticCell.xib in Resources */,
				8A8F9E451E434A4000A1B77D /* defaultIcon@2x.png in Resources */,
				8A8F9E3E1E434A2B00A1B77D /* Assets.xcassets in Resources */,
				8AC0C81B1E4C9FF60073D4CF /* CTDetailsViewController.xib in Resources */,
				8A8F9E551E434C6D00A1B77D /* CTStatisticViewController.xib in Resources */,
				8A8F9E501E434B0A00A1B77D /* LaunchScreen.storyboard in Resources */,
				8AC0C8291E4CA0A90073D4CF /* CTSFWViewController.xib in Resources */,
				8A8F9E361E434A1800A1B77D /* CTLoginViewController~iphone.xib in Resources */,
			);
			runOnlyForDeploymentPostprocessing = 0;
		};
/* End PBXResourcesBuildPhase section */

/* Begin PBXShellScriptBuildPhase section */
		43E1CEBAA006784E780C85B7 /* [CP] Embed Pods Frameworks */ = {
			isa = PBXShellScriptBuildPhase;
			buildActionMask = 2147483647;
			files = (
			);
			inputPaths = (
				"${PODS_ROOT}/Target Support Files/Pods-CleanTalk/Pods-CleanTalk-frameworks.sh",
				"${BUILT_PRODUCTS_DIR}/Alamofire/Alamofire.framework",
				"${BUILT_PRODUCTS_DIR}/AlamofireObjectMapper/AlamofireObjectMapper.framework",
				"${BUILT_PRODUCTS_DIR}/ObjectMapper/ObjectMapper.framework",
				"${BUILT_PRODUCTS_DIR}/SDWebImage/SDWebImage.framework",
				"${BUILT_PRODUCTS_DIR}/SnapKit/SnapKit.framework",
			);
			name = "[CP] Embed Pods Frameworks";
			outputPaths = (
				"${TARGET_BUILD_DIR}/${FRAMEWORKS_FOLDER_PATH}/Alamofire.framework",
				"${TARGET_BUILD_DIR}/${FRAMEWORKS_FOLDER_PATH}/AlamofireObjectMapper.framework",
				"${TARGET_BUILD_DIR}/${FRAMEWORKS_FOLDER_PATH}/ObjectMapper.framework",
				"${TARGET_BUILD_DIR}/${FRAMEWORKS_FOLDER_PATH}/SDWebImage.framework",
				"${TARGET_BUILD_DIR}/${FRAMEWORKS_FOLDER_PATH}/SnapKit.framework",
			);
			runOnlyForDeploymentPostprocessing = 0;
			shellPath = /bin/sh;
			shellScript = "\"${PODS_ROOT}/Target Support Files/Pods-CleanTalk/Pods-CleanTalk-frameworks.sh\"\n";
			showEnvVarsInLog = 0;
		};
		9B45A6CF5BB01726CA922CE2 /* [CP] Check Pods Manifest.lock */ = {
			isa = PBXShellScriptBuildPhase;
			buildActionMask = 2147483647;
			files = (
			);
			inputPaths = (
				"${PODS_PODFILE_DIR_PATH}/Podfile.lock",
				"${PODS_ROOT}/Manifest.lock",
			);
			name = "[CP] Check Pods Manifest.lock";
			outputPaths = (
				"$(DERIVED_FILE_DIR)/Pods-CleanTalk-checkManifestLockResult.txt",
			);
			runOnlyForDeploymentPostprocessing = 0;
			shellPath = /bin/sh;
			shellScript = "diff \"${PODS_PODFILE_DIR_PATH}/Podfile.lock\" \"${PODS_ROOT}/Manifest.lock\" > /dev/null\nif [ $? != 0 ] ; then\n    # print error to STDERR\n    echo \"error: The sandbox is not in sync with the Podfile.lock. Run 'pod install' or update your CocoaPods installation.\" >&2\n    exit 1\nfi\n# This output is used by Xcode 'outputs' to avoid re-running this script phase.\necho \"SUCCESS\" > \"${SCRIPT_OUTPUT_FILE_0}\"\n";
			showEnvVarsInLog = 0;
		};
/* End PBXShellScriptBuildPhase section */

/* Begin PBXSourcesBuildPhase section */
		8A36C6A01E40B63D004D92CA /* Sources */ = {
			isa = PBXSourcesBuildPhase;
			buildActionMask = 2147483647;
			files = (
				8A8F9E391E434A1800A1B77D /* CTStatisticViewController.swift in Sources */,
				8AC0C8311E4CA90F0073D4CF /* CTSFWCell.swift in Sources */,
				8AAC7B321E437CDF00586FDC /* DetailStatsRequest.swift in Sources */,
				8A8F9E5D1E436F8A00A1B77D /* DetailStatisticModel.swift in Sources */,
				8A8F9E241E434A0800A1B77D /* ModelsManager.swift in Sources */,
				8A8F9E1D1E434A0800A1B77D /* AbstractRequest.swift in Sources */,
				8A8F9E1F1E434A0800A1B77D /* AlamofireDispatcher.swift in Sources */,
				8AC0C8281E4CA0A90073D4CF /* CTSFWViewController.swift in Sources */,
				8A8F9E3C1E434A2100A1B77D /* AppDelegate.swift in Sources */,
				8A8F9E251E434A0800A1B77D /* LoginRequest.swift in Sources */,
				8A8F9E231E434A0800A1B77D /* StatisticModel.swift in Sources */,
				8A8F9E1C1E434A0800A1B77D /* AbstractDispatcher.swift in Sources */,
				8A8F9E221E434A0800A1B77D /* ServiceModel.swift in Sources */,
				8A8F9E211E434A0800A1B77D /* LoginModel.swift in Sources */,
				8A8F9E5B1E43541900A1B77D /* MainStatsRequest.swift in Sources */,
				8AC0C8131E4C79B40073D4CF /* ChangeStatusModel.swift in Sources */,
				8A8F9E1E1E434A0800A1B77D /* AbstractResponse.swift in Sources */,
				8A8F9E201E434A0800A1B77D /* Enums.swift in Sources */,
				8A8F9E1B1E434A0800A1B77D /* Constants.swift in Sources */,
				8AC0C8111E4C75B20073D4CF /* ChangeStatusRequest.swift in Sources */,
				8A8F9E341E434A1800A1B77D /* CTLoginViewController.swift in Sources */,
				8AC0C8051E4B33D80073D4CF /* CTDetailsViewController.swift in Sources */,
				8AAC7B421E49C6B500586FDC /* CTStatisticCell.swift in Sources */,
				8AC0C80E1E4B58160073D4CF /* CTDetailsCell.swift in Sources */,
			);
			runOnlyForDeploymentPostprocessing = 0;
		};
/* End PBXSourcesBuildPhase section */

/* Begin PBXVariantGroup section */
		0850432023B6C9EE008420F5 /* CTSFWCell.xib */ = {
			isa = PBXVariantGroup;
			children = (
				08DA878E23B6CC5A00EB034A /* Base */,
				08DA878F23B6CC5F00EB034A /* ru */,
				08DA879023B6CC6300EB034A /* en */,
			);
			name = CTSFWCell.xib;
			sourceTree = "<group>";
		};
		8A8F9E291E434A1800A1B77D /* CTLoginViewController~ipad.xib */ = {
			isa = PBXVariantGroup;
			children = (
				0850432A23B6CAA1008420F5 /* Base */,
				0850432B23B6CAA7008420F5 /* ru */,
				0850432C23B6CABA008420F5 /* en */,
			);
			name = "CTLoginViewController~ipad.xib";
			sourceTree = "<group>";
		};
		8A8F9E2B1E434A1800A1B77D /* CTLoginViewController~iphone.xib */ = {
			isa = PBXVariantGroup;
			children = (
				8A8F9E541E434C6300A1B77D /* ru */,
				0850432823B6CA7E008420F5 /* Base */,
				0850432923B6CA8B008420F5 /* en */,
			);
			name = "CTLoginViewController~iphone.xib";
			sourceTree = "<group>";
		};
		8A8F9E4B1E434AB100A1B77D /* Localizable.strings */ = {
			isa = PBXVariantGroup;
			children = (
				8A8F9E4C1E434AB700A1B77D /* en */,
				8A8F9E4D1E434AC200A1B77D /* ru */,
			);
			name = Localizable.strings;
			path = CleanTalk;
			sourceTree = "<group>";
		};
		8A8F9E4E1E434B0A00A1B77D /* LaunchScreen.storyboard */ = {
			isa = PBXVariantGroup;
			children = (
				8A8F9E4F1E434B0A00A1B77D /* en */,
				8A8F9E511E434B1000A1B77D /* ru */,
			);
			name = LaunchScreen.storyboard;
			sourceTree = "<group>";
		};
		8A8F9E571E434C6D00A1B77D /* CTStatisticViewController.xib */ = {
			isa = PBXVariantGroup;
			children = (
				0850431F23B6C97C008420F5 /* Base */,
				0850432F23B6CB32008420F5 /* en */,
				0850433023B6CB74008420F5 /* ru */,
			);
			name = CTStatisticViewController.xib;
			sourceTree = "<group>";
		};
		8AC0C8181E4C9FBE0073D4CF /* CTStatisticCell.xib */ = {
			isa = PBXVariantGroup;
			children = (
				8AC0C81A1E4C9FC00073D4CF /* ru */,
				0850432D23B6CAC9008420F5 /* Base */,
				0850432E23B6CACF008420F5 /* en */,
			);
			name = CTStatisticCell.xib;
			path = CTStatisticCell;
			sourceTree = "<group>";
		};
		8AC0C81D1E4C9FF60073D4CF /* CTDetailsViewController.xib */ = {
			isa = PBXVariantGroup;
			children = (
				8AC0C81C1E4C9FF60073D4CF /* en */,
			);
			name = CTDetailsViewController.xib;
			path = CTDetailsViewController;
			sourceTree = "<group>";
		};
		8AC0C8221E4CA00A0073D4CF /* CTDetailsCell.xib */ = {
			isa = PBXVariantGroup;
			children = (
				0850433123B6CB90008420F5 /* Base */,
				0850433223B6CB95008420F5 /* en */,
				0850433523B6CBF2008420F5 /* ru */,
			);
			name = CTDetailsCell.xib;
			path = CTDetailsViewController/CTDetailsCell;
			sourceTree = "<group>";
		};
/* End PBXVariantGroup section */

/* Begin XCBuildConfiguration section */
		8A36C6B41E40B63D004D92CA /* Debug */ = {
			isa = XCBuildConfiguration;
			buildSettings = {
				ALWAYS_SEARCH_USER_PATHS = NO;
				CLANG_ANALYZER_LOCALIZABILITY_NONLOCALIZED = YES;
				CLANG_ANALYZER_NONNULL = YES;
				CLANG_CXX_LANGUAGE_STANDARD = "gnu++0x";
				CLANG_CXX_LIBRARY = "libc++";
				CLANG_ENABLE_MODULES = YES;
				CLANG_ENABLE_OBJC_ARC = YES;
				CLANG_WARN_BLOCK_CAPTURE_AUTORELEASING = YES;
				CLANG_WARN_BOOL_CONVERSION = YES;
				CLANG_WARN_COMMA = YES;
				CLANG_WARN_CONSTANT_CONVERSION = YES;
				CLANG_WARN_DEPRECATED_OBJC_IMPLEMENTATIONS = YES;
				CLANG_WARN_DIRECT_OBJC_ISA_USAGE = YES_ERROR;
				CLANG_WARN_DOCUMENTATION_COMMENTS = YES;
				CLANG_WARN_EMPTY_BODY = YES;
				CLANG_WARN_ENUM_CONVERSION = YES;
				CLANG_WARN_INFINITE_RECURSION = YES;
				CLANG_WARN_INT_CONVERSION = YES;
				CLANG_WARN_NON_LITERAL_NULL_CONVERSION = YES;
				CLANG_WARN_OBJC_IMPLICIT_RETAIN_SELF = YES;
				CLANG_WARN_OBJC_LITERAL_CONVERSION = YES;
				CLANG_WARN_OBJC_ROOT_CLASS = YES_ERROR;
				CLANG_WARN_RANGE_LOOP_ANALYSIS = YES;
				CLANG_WARN_STRICT_PROTOTYPES = YES;
				CLANG_WARN_SUSPICIOUS_MOVE = YES;
				CLANG_WARN_UNREACHABLE_CODE = YES;
				CLANG_WARN__DUPLICATE_METHOD_MATCH = YES;
				"CODE_SIGN_IDENTITY[sdk=iphoneos*]" = "iPhone Developer";
				COPY_PHASE_STRIP = NO;
				DEBUG_INFORMATION_FORMAT = dwarf;
				ENABLE_STRICT_OBJC_MSGSEND = YES;
				ENABLE_TESTABILITY = YES;
				GCC_C_LANGUAGE_STANDARD = gnu99;
				GCC_DYNAMIC_NO_PIC = NO;
				GCC_NO_COMMON_BLOCKS = YES;
				GCC_OPTIMIZATION_LEVEL = 0;
				GCC_PREPROCESSOR_DEFINITIONS = (
					"DEBUG=1",
					"$(inherited)",
				);
				GCC_WARN_64_TO_32_BIT_CONVERSION = YES;
				GCC_WARN_ABOUT_RETURN_TYPE = YES_ERROR;
				GCC_WARN_UNDECLARED_SELECTOR = YES;
				GCC_WARN_UNINITIALIZED_AUTOS = YES_AGGRESSIVE;
				GCC_WARN_UNUSED_FUNCTION = YES;
				GCC_WARN_UNUSED_VARIABLE = YES;
				IPHONEOS_DEPLOYMENT_TARGET = 8.0;
				MTL_ENABLE_DEBUG_INFO = YES;
				ONLY_ACTIVE_ARCH = YES;
				SDKROOT = iphoneos;
				SWIFT_ACTIVE_COMPILATION_CONDITIONS = DEBUG;
				SWIFT_OPTIMIZATION_LEVEL = "-Onone";
				TARGETED_DEVICE_FAMILY = "1,2";
			};
			name = Debug;
		};
		8A36C6B51E40B63D004D92CA /* Release */ = {
			isa = XCBuildConfiguration;
			buildSettings = {
				ALWAYS_SEARCH_USER_PATHS = NO;
				CLANG_ANALYZER_LOCALIZABILITY_NONLOCALIZED = YES;
				CLANG_ANALYZER_NONNULL = YES;
				CLANG_CXX_LANGUAGE_STANDARD = "gnu++0x";
				CLANG_CXX_LIBRARY = "libc++";
				CLANG_ENABLE_MODULES = YES;
				CLANG_ENABLE_OBJC_ARC = YES;
				CLANG_WARN_BLOCK_CAPTURE_AUTORELEASING = YES;
				CLANG_WARN_BOOL_CONVERSION = YES;
				CLANG_WARN_COMMA = YES;
				CLANG_WARN_CONSTANT_CONVERSION = YES;
				CLANG_WARN_DEPRECATED_OBJC_IMPLEMENTATIONS = YES;
				CLANG_WARN_DIRECT_OBJC_ISA_USAGE = YES_ERROR;
				CLANG_WARN_DOCUMENTATION_COMMENTS = YES;
				CLANG_WARN_EMPTY_BODY = YES;
				CLANG_WARN_ENUM_CONVERSION = YES;
				CLANG_WARN_INFINITE_RECURSION = YES;
				CLANG_WARN_INT_CONVERSION = YES;
				CLANG_WARN_NON_LITERAL_NULL_CONVERSION = YES;
				CLANG_WARN_OBJC_IMPLICIT_RETAIN_SELF = YES;
				CLANG_WARN_OBJC_LITERAL_CONVERSION = YES;
				CLANG_WARN_OBJC_ROOT_CLASS = YES_ERROR;
				CLANG_WARN_RANGE_LOOP_ANALYSIS = YES;
				CLANG_WARN_STRICT_PROTOTYPES = YES;
				CLANG_WARN_SUSPICIOUS_MOVE = YES;
				CLANG_WARN_UNREACHABLE_CODE = YES;
				CLANG_WARN__DUPLICATE_METHOD_MATCH = YES;
				"CODE_SIGN_IDENTITY[sdk=iphoneos*]" = "iPhone Developer";
				COPY_PHASE_STRIP = NO;
				DEBUG_INFORMATION_FORMAT = "dwarf-with-dsym";
				ENABLE_NS_ASSERTIONS = NO;
				ENABLE_STRICT_OBJC_MSGSEND = YES;
				GCC_C_LANGUAGE_STANDARD = gnu99;
				GCC_NO_COMMON_BLOCKS = YES;
				GCC_WARN_64_TO_32_BIT_CONVERSION = YES;
				GCC_WARN_ABOUT_RETURN_TYPE = YES_ERROR;
				GCC_WARN_UNDECLARED_SELECTOR = YES;
				GCC_WARN_UNINITIALIZED_AUTOS = YES_AGGRESSIVE;
				GCC_WARN_UNUSED_FUNCTION = YES;
				GCC_WARN_UNUSED_VARIABLE = YES;
				IPHONEOS_DEPLOYMENT_TARGET = 8.0;
				MTL_ENABLE_DEBUG_INFO = NO;
				SDKROOT = iphoneos;
				SWIFT_OPTIMIZATION_LEVEL = "-Owholemodule";
				TARGETED_DEVICE_FAMILY = "1,2";
				VALIDATE_PRODUCT = YES;
			};
			name = Release;
		};
		8A36C6B71E40B63D004D92CA /* Debug */ = {
			isa = XCBuildConfiguration;
			baseConfigurationReference = A423F8B2A7F51017381F1522 /* Pods-CleanTalk.debug.xcconfig */;
			buildSettings = {
				ALWAYS_EMBED_SWIFT_STANDARD_LIBRARIES = YES;
				ASSETCATALOG_COMPILER_APPICON_NAME = AppIcon;
				CODE_SIGN_ENTITLEMENTS = CleanTalk/CleanTalk.entitlements;
				CURRENT_PROJECT_VERSION = 3;
				DEVELOPMENT_TEAM = G2V3KH9HE7;
				INFOPLIST_FILE = "$(SRCROOT)/CleanTalk/CleanTalk/Info.plist";
				IPHONEOS_DEPLOYMENT_TARGET = 8.0;
				LD_RUNPATH_SEARCH_PATHS = "$(inherited) @executable_path/Frameworks";
				MARKETING_VERSION = 1.3.2;
				PRODUCT_BUNDLE_IDENTIFIER = com.cleantalk.cleantalk;
				PRODUCT_NAME = "$(TARGET_NAME)";
				PROVISIONING_PROFILE = "9760d64d-01c4-4cab-b2bd-a6d97296a9f9";
				PROVISIONING_PROFILE_SPECIFIER = CleanTalk_Dev;
				SWIFT_VERSION = 5.0;
			};
			name = Debug;
		};
		8A36C6B81E40B63D004D92CA /* Release */ = {
			isa = XCBuildConfiguration;
			baseConfigurationReference = EB414FE4D85EA9A424F61A33 /* Pods-CleanTalk.release.xcconfig */;
			buildSettings = {
				ALWAYS_EMBED_SWIFT_STANDARD_LIBRARIES = YES;
				ASSETCATALOG_COMPILER_APPICON_NAME = AppIcon;
				CODE_SIGN_ENTITLEMENTS = CleanTalk/CleanTalk.entitlements;
				"CODE_SIGN_IDENTITY[sdk=iphoneos*]" = "iPhone Distribution";
				CURRENT_PROJECT_VERSION = 3;
				DEVELOPMENT_TEAM = 7YL949VAAR;
				INFOPLIST_FILE = "$(SRCROOT)/CleanTalk/CleanTalk/Info.plist";
				IPHONEOS_DEPLOYMENT_TARGET = 8.0;
				LD_RUNPATH_SEARCH_PATHS = "$(inherited) @executable_path/Frameworks";
				MARKETING_VERSION = 1.3.2;
				PRODUCT_BUNDLE_IDENTIFIER = com.cleantalk.cleantalk;
				PRODUCT_NAME = "$(TARGET_NAME)";
				PROVISIONING_PROFILE = "88a505b6-f3c7-4167-abc7-af3ea5114686";
				PROVISIONING_PROFILE_SPECIFIER = "CleanTalk distribution";
				SWIFT_VERSION = 5.0;
			};
			name = Release;
		};
/* End XCBuildConfiguration section */

/* Begin XCConfigurationList section */
		8A36C69F1E40B63D004D92CA /* Build configuration list for PBXProject "CleanTalk" */ = {
			isa = XCConfigurationList;
			buildConfigurations = (
				8A36C6B41E40B63D004D92CA /* Debug */,
				8A36C6B51E40B63D004D92CA /* Release */,
			);
			defaultConfigurationIsVisible = 0;
			defaultConfigurationName = Release;
		};
		8A36C6B61E40B63D004D92CA /* Build configuration list for PBXNativeTarget "CleanTalk" */ = {
			isa = XCConfigurationList;
			buildConfigurations = (
				8A36C6B71E40B63D004D92CA /* Debug */,
				8A36C6B81E40B63D004D92CA /* Release */,
			);
			defaultConfigurationIsVisible = 0;
			defaultConfigurationName = Release;
		};
/* End XCConfigurationList section */
	};
	rootObject = 8A36C69C1E40B63D004D92CA /* Project object */;
}
